github.com/mazzegi/log v0.0.0-20200601101706-01eae2241ec0 h1:ZKp/KWeHGhBP2wkRc+5FHABNG5P1BvjKRwXPf3fhUW4=
github.com/mazzegi/log v0.0.0-20200601101706-01eae2241ec0/go.mod h1:7OU3AW6kncZPf8f3oJ3H+g0sxeT1R7MYUOrvBAW/P68=
github.com/pkg/errors v0.9.1/go.mod h1:bwawxfHBFNV+L2hUp1rHADufV3IMtnDRdf1r5NINEl0=
